// !$*UTF8*$!
{
	archiveVersion = 1;
	classes = {
	};
	objectVersion = 50;
	objects = {

/* Begin PBXBuildFile section */
		B255414021F2719E00368808 /* AppDelegate.m in Sources */ = {isa = PBXBuildFile; fileRef = B255413F21F2719E00368808 /* AppDelegate.m */; };
		B255414321F2719E00368808 /* ViewController.m in Sources */ = {isa = PBXBuildFile; fileRef = B255414221F2719E00368808 /* ViewController.m */; };
		B255414621F2719E00368808 /* Main.storyboard in Resources */ = {isa = PBXBuildFile; fileRef = B255414421F2719E00368808 /* Main.storyboard */; };
		B255414821F2719F00368808 /* Assets.xcassets in Resources */ = {isa = PBXBuildFile; fileRef = B255414721F2719F00368808 /* Assets.xcassets */; };
		B255414B21F2719F00368808 /* LaunchScreen.storyboard in Resources */ = {isa = PBXBuildFile; fileRef = B255414921F2719F00368808 /* LaunchScreen.storyboard */; };
		B255414E21F2719F00368808 /* main.m in Sources */ = {isa = PBXBuildFile; fileRef = B255414D21F2719F00368808 /* main.m */; };
		B255415821F2719F00368808 /* TipCalculatorTests.m in Sources */ = {isa = PBXBuildFile; fileRef = B255415721F2719F00368808 /* TipCalculatorTests.m */; };
		B255416321F2719F00368808 /* TipCalculatorUITests.m in Sources */ = {isa = PBXBuildFile; fileRef = B255416221F2719F00368808 /* TipCalculatorUITests.m */; };
		B255417221F2761D00368808 /* TextFieldViewController.m in Sources */ = {isa = PBXBuildFile; fileRef = B255417121F2761D00368808 /* TextFieldViewController.m */; };
/* End PBXBuildFile section */

/* Begin PBXContainerItemProxy section */
		B255415421F2719F00368808 /* PBXContainerItemProxy */ = {
			isa = PBXContainerItemProxy;
			containerPortal = B255413321F2719E00368808 /* Project object */;
			proxyType = 1;
			remoteGlobalIDString = B255413A21F2719E00368808;
			remoteInfo = TipCalculator;
		};
		B255415F21F2719F00368808 /* PBXContainerItemProxy */ = {
			isa = PBXContainerItemProxy;
			containerPortal = B255413321F2719E00368808 /* Project object */;
			proxyType = 1;
			remoteGlobalIDString = B255413A21F2719E00368808;
			remoteInfo = TipCalculator;
		};
/* End PBXContainerItemProxy section */

/* Begin PBXFileReference section */
		B255413B21F2719E00368808 /* TipCalculator.app */ = {isa = PBXFileReference; explicitFileType = wrapper.application; includeInIndex = 0; path = TipCalculator.app; sourceTree = BUILT_PRODUCTS_DIR; };
		B255413E21F2719E00368808 /* AppDelegate.h */ = {isa = PBXFileReference; lastKnownFileType = sourcecode.c.h; path = AppDelegate.h; sourceTree = "<group>"; };
		B255413F21F2719E00368808 /* AppDelegate.m */ = {isa = PBXFileReference; lastKnownFileType = sourcecode.c.objc; path = AppDelegate.m; sourceTree = "<group>"; };
		B255414121F2719E00368808 /* ViewController.h */ = {isa = PBXFileReference; lastKnownFileType = sourcecode.c.h; path = ViewController.h; sourceTree = "<group>"; };
		B255414221F2719E00368808 /* ViewController.m */ = {isa = PBXFileReference; lastKnownFileType = sourcecode.c.objc; path = ViewController.m; sourceTree = "<group>"; };
		B255414521F2719E00368808 /* Base */ = {isa = PBXFileReference; lastKnownFileType = file.storyboard; name = Base; path = Base.lproj/Main.storyboard; sourceTree = "<group>"; };
		B255414721F2719F00368808 /* Assets.xcassets */ = {isa = PBXFileReference; lastKnownFileType = folder.assetcatalog; path = Assets.xcassets; sourceTree = "<group>"; };
		B255414A21F2719F00368808 /* Base */ = {isa = PBXFileReference; lastKnownFileType = file.storyboard; name = Base; path = Base.lproj/LaunchScreen.storyboard; sourceTree = "<group>"; };
		B255414C21F2719F00368808 /* Info.plist */ = {isa = PBXFileReference; lastKnownFileType = text.plist.xml; path = Info.plist; sourceTree = "<group>"; };
		B255414D21F2719F00368808 /* main.m */ = {isa = PBXFileReference; lastKnownFileType = sourcecode.c.objc; path = main.m; sourceTree = "<group>"; };
		B255415321F2719F00368808 /* TipCalculatorTests.xctest */ = {isa = PBXFileReference; explicitFileType = wrapper.cfbundle; includeInIndex = 0; path = TipCalculatorTests.xctest; sourceTree = BUILT_PRODUCTS_DIR; };
		B255415721F2719F00368808 /* TipCalculatorTests.m */ = {isa = PBXFileReference; lastKnownFileType = sourcecode.c.objc; path = TipCalculatorTests.m; sourceTree = "<group>"; };
		B255415921F2719F00368808 /* Info.plist */ = {isa = PBXFileReference; lastKnownFileType = text.plist.xml; path = Info.plist; sourceTree = "<group>"; };
		B255415E21F2719F00368808 /* TipCalculatorUITests.xctest */ = {isa = PBXFileReference; explicitFileType = wrapper.cfbundle; includeInIndex = 0; path = TipCalculatorUITests.xctest; sourceTree = BUILT_PRODUCTS_DIR; };
		B255416221F2719F00368808 /* TipCalculatorUITests.m */ = {isa = PBXFileReference; lastKnownFileType = sourcecode.c.objc; path = TipCalculatorUITests.m; sourceTree = "<group>"; };
		B255416421F2719F00368808 /* Info.plist */ = {isa = PBXFileReference; lastKnownFileType = text.plist.xml; path = Info.plist; sourceTree = "<group>"; };
		B255417021F2761D00368808 /* TextFieldViewController.h */ = {isa = PBXFileReference; lastKnownFileType = sourcecode.c.h; path = TextFieldViewController.h; sourceTree = "<group>"; };
		B255417121F2761D00368808 /* TextFieldViewController.m */ = {isa = PBXFileReference; lastKnownFileType = sourcecode.c.objc; path = TextFieldViewController.m; sourceTree = "<group>"; };
/* End PBXFileReference section */

/* Begin PBXFrameworksBuildPhase section */
		B255413821F2719E00368808 /* Frameworks */ = {
			isa = PBXFrameworksBuildPhase;
			buildActionMask = 2147483647;
			files = (
			);
			runOnlyForDeploymentPostprocessing = 0;
		};
		B255415021F2719F00368808 /* Frameworks */ = {
			isa = PBXFrameworksBuildPhase;
			buildActionMask = 2147483647;
			files = (
			);
			runOnlyForDeploymentPostprocessing = 0;
		};
		B255415B21F2719F00368808 /* Frameworks */ = {
			isa = PBXFrameworksBuildPhase;
			buildActionMask = 2147483647;
			files = (
			);
			runOnlyForDeploymentPostprocessing = 0;
		};
/* End PBXFrameworksBuildPhase section */

/* Begin PBXGroup section */
		B255413221F2719E00368808 = {
			isa = PBXGroup;
			children = (
				B255413D21F2719E00368808 /* TipCalculator */,
				B255415621F2719F00368808 /* TipCalculatorTests */,
				B255416121F2719F00368808 /* TipCalculatorUITests */,
				B255413C21F2719E00368808 /* Products */,
			);
			sourceTree = "<group>";
		};
		B255413C21F2719E00368808 /* Products */ = {
			isa = PBXGroup;
			children = (
				B255413B21F2719E00368808 /* TipCalculator.app */,
				B255415321F2719F00368808 /* TipCalculatorTests.xctest */,
				B255415E21F2719F00368808 /* TipCalculatorUITests.xctest */,
			);
			name = Products;
			sourceTree = "<group>";
		};
		B255413D21F2719E00368808 /* TipCalculator */ = {
			isa = PBXGroup;
			children = (
				B255413E21F2719E00368808 /* AppDelegate.h */,
				B255413F21F2719E00368808 /* AppDelegate.m */,
				B255414121F2719E00368808 /* ViewController.h */,
				B255414221F2719E00368808 /* ViewController.m */,
				B255414421F2719E00368808 /* Main.storyboard */,
				B255417021F2761D00368808 /* TextFieldViewController.h */,
				B255417121F2761D00368808 /* TextFieldViewController.m */,
				B255414721F2719F00368808 /* Assets.xcassets */,
				B255414921F2719F00368808 /* LaunchScreen.storyboard */,
				B255414C21F2719F00368808 /* Info.plist */,
				B255414D21F2719F00368808 /* main.m */,
			);
			path = TipCalculator;
			sourceTree = "<group>";
		};
		B255415621F2719F00368808 /* TipCalculatorTests */ = {
			isa = PBXGroup;
			children = (
				B255415721F2719F00368808 /* TipCalculatorTests.m */,
				B255415921F2719F00368808 /* Info.plist */,
			);
			path = TipCalculatorTests;
			sourceTree = "<group>";
		};
		B255416121F2719F00368808 /* TipCalculatorUITests */ = {
			isa = PBXGroup;
			children = (
				B255416221F2719F00368808 /* TipCalculatorUITests.m */,
				B255416421F2719F00368808 /* Info.plist */,
			);
			path = TipCalculatorUITests;
			sourceTree = "<group>";
		};
/* End PBXGroup section */

/* Begin PBXNativeTarget section */
		B255413A21F2719E00368808 /* TipCalculator */ = {
			isa = PBXNativeTarget;
			buildConfigurationList = B255416721F2719F00368808 /* Build configuration list for PBXNativeTarget "TipCalculator" */;
			buildPhases = (
				B255413721F2719E00368808 /* Sources */,
				B255413821F2719E00368808 /* Frameworks */,
				B255413921F2719E00368808 /* Resources */,
			);
			buildRules = (
			);
			dependencies = (
			);
			name = TipCalculator;
			productName = TipCalculator;
			productReference = B255413B21F2719E00368808 /* TipCalculator.app */;
			productType = "com.apple.product-type.application";
		};
		B255415221F2719F00368808 /* TipCalculatorTests */ = {
			isa = PBXNativeTarget;
			buildConfigurationList = B255416A21F2719F00368808 /* Build configuration list for PBXNativeTarget "TipCalculatorTests" */;
			buildPhases = (
				B255414F21F2719F00368808 /* Sources */,
				B255415021F2719F00368808 /* Frameworks */,
				B255415121F2719F00368808 /* Resources */,
			);
			buildRules = (
			);
			dependencies = (
				B255415521F2719F00368808 /* PBXTargetDependency */,
			);
			name = TipCalculatorTests;
			productName = TipCalculatorTests;
			productReference = B255415321F2719F00368808 /* TipCalculatorTests.xctest */;
			productType = "com.apple.product-type.bundle.unit-test";
		};
		B255415D21F2719F00368808 /* TipCalculatorUITests */ = {
			isa = PBXNativeTarget;
			buildConfigurationList = B255416D21F2719F00368808 /* Build configuration list for PBXNativeTarget "TipCalculatorUITests" */;
			buildPhases = (
				B255415A21F2719F00368808 /* Sources */,
				B255415B21F2719F00368808 /* Frameworks */,
				B255415C21F2719F00368808 /* Resources */,
			);
			buildRules = (
			);
			dependencies = (
				B255416021F2719F00368808 /* PBXTargetDependency */,
			);
			name = TipCalculatorUITests;
			productName = TipCalculatorUITests;
			productReference = B255415E21F2719F00368808 /* TipCalculatorUITests.xctest */;
			productType = "com.apple.product-type.bundle.ui-testing";
		};
/* End PBXNativeTarget section */

/* Begin PBXProject section */
		B255413321F2719E00368808 /* Project object */ = {
			isa = PBXProject;
			attributes = {
				LastUpgradeCheck = 1010;
				ORGANIZATIONNAME = "Jenny Chang";
				TargetAttributes = {
					B255413A21F2719E00368808 = {
						CreatedOnToolsVersion = 10.1;
					};
					B255415221F2719F00368808 = {
						CreatedOnToolsVersion = 10.1;
						TestTargetID = B255413A21F2719E00368808;
					};
					B255415D21F2719F00368808 = {
						CreatedOnToolsVersion = 10.1;
						TestTargetID = B255413A21F2719E00368808;
					};
				};
			};
			buildConfigurationList = B255413621F2719E00368808 /* Build configuration list for PBXProject "TipCalculator" */;
			compatibilityVersion = "Xcode 9.3";
			developmentRegion = en;
			hasScannedForEncodings = 0;
			knownRegions = (
				en,
				Base,
			);
			mainGroup = B255413221F2719E00368808;
			productRefGroup = B255413C21F2719E00368808 /* Products */;
			projectDirPath = "";
			projectRoot = "";
			targets = (
				B255413A21F2719E00368808 /* TipCalculator */,
				B255415221F2719F00368808 /* TipCalculatorTests */,
				B255415D21F2719F00368808 /* TipCalculatorUITests */,
			);
		};
/* End PBXProject section */

/* Begin PBXResourcesBuildPhase section */
		B255413921F2719E00368808 /* Resources */ = {
			isa = PBXResourcesBuildPhase;
			buildActionMask = 2147483647;
			files = (
				B255414B21F2719F00368808 /* LaunchScreen.storyboard in Resources */,
				B255414821F2719F00368808 /* Assets.xcassets in Resources */,
				B255414621F2719E00368808 /* Main.storyboard in Resources */,
			);
			runOnlyForDeploymentPostprocessing = 0;
		};
		B255415121F2719F00368808 /* Resources */ = {
			isa = PBXResourcesBuildPhase;
			buildActionMask = 2147483647;
			files = (
			);
			runOnlyForDeploymentPostprocessing = 0;
		};
		B255415C21F2719F00368808 /* Resources */ = {
			isa = PBXResourcesBuildPhase;
			buildActionMask = 2147483647;
			files = (
			);
			runOnlyForDeploymentPostprocessing = 0;
		};
/* End PBXResourcesBuildPhase section */

/* Begin PBXSourcesBuildPhase section */
		B255413721F2719E00368808 /* Sources */ = {
			isa = PBXSourcesBuildPhase;
			buildActionMask = 2147483647;
			files = (
				B255417221F2761D00368808 /* TextFieldViewController.m in Sources */,
				B255414321F2719E00368808 /* ViewController.m in Sources */,
				B255414E21F2719F00368808 /* main.m in Sources */,
				B255414021F2719E00368808 /* AppDelegate.m in Sources */,
			);
			runOnlyForDeploymentPostprocessing = 0;
		};
		B255414F21F2719F00368808 /* Sources */ = {
			isa = PBXSourcesBuildPhase;
			buildActionMask = 2147483647;
			files = (
				B255415821F2719F00368808 /* TipCalculatorTests.m in Sources */,
			);
			runOnlyForDeploymentPostprocessing = 0;
		};
		B255415A21F2719F00368808 /* Sources */ = {
			isa = PBXSourcesBuildPhase;
			buildActionMask = 2147483647;
			files = (
				B255416321F2719F00368808 /* TipCalculatorUITests.m in Sources */,
			);
			runOnlyForDeploymentPostprocessing = 0;
		};
/* End PBXSourcesBuildPhase section */

/* Begin PBXTargetDependency section */
		B255415521F2719F00368808 /* PBXTargetDependency */ = {
			isa = PBXTargetDependency;
			target = B255413A21F2719E00368808 /* TipCalculator */;
			targetProxy = B255415421F2719F00368808 /* PBXContainerItemProxy */;
		};
		B255416021F2719F00368808 /* PBXTargetDependency */ = {
			isa = PBXTargetDependency;
			target = B255413A21F2719E00368808 /* TipCalculator */;
			targetProxy = B255415F21F2719F00368808 /* PBXContainerItemProxy */;
		};
/* End PBXTargetDependency section */

/* Begin PBXVariantGroup section */
		B255414421F2719E00368808 /* Main.storyboard */ = {
			isa = PBXVariantGroup;
			children = (
				B255414521F2719E00368808 /* Base */,
			);
			name = Main.storyboard;
			sourceTree = "<group>";
		};
		B255414921F2719F00368808 /* LaunchScreen.storyboard */ = {
			isa = PBXVariantGroup;
			children = (
				B255414A21F2719F00368808 /* Base */,
			);
			name = LaunchScreen.storyboard;
			sourceTree = "<group>";
		};
/* End PBXVariantGroup section */

/* Begin XCBuildConfiguration section */
		B255416521F2719F00368808 /* Debug */ = {
			isa = XCBuildConfiguration;
			buildSettings = {
				ALWAYS_SEARCH_USER_PATHS = NO;
				CLANG_ANALYZER_NONNULL = YES;
				CLANG_ANALYZER_NUMBER_OBJECT_CONVERSION = YES_AGGRESSIVE;
				CLANG_CXX_LANGUAGE_STANDARD = "gnu++14";
				CLANG_CXX_LIBRARY = "libc++";
				CLANG_ENABLE_MODULES = YES;
				CLANG_ENABLE_OBJC_ARC = YES;
				CLANG_ENABLE_OBJC_WEAK = YES;
				CLANG_WARN_BLOCK_CAPTURE_AUTORELEASING = YES;
				CLANG_WARN_BOOL_CONVERSION = YES;
				CLANG_WARN_COMMA = YES;
				CLANG_WARN_CONSTANT_CONVERSION = YES;
				CLANG_WARN_DEPRECATED_OBJC_IMPLEMENTATIONS = YES;
				CLANG_WARN_DIRECT_OBJC_ISA_USAGE = YES_ERROR;
				CLANG_WARN_DOCUMENTATION_COMMENTS = YES;
				CLANG_WARN_EMPTY_BODY = YES;
				CLANG_WARN_ENUM_CONVERSION = YES;
				CLANG_WARN_INFINITE_RECURSION = YES;
				CLANG_WARN_INT_CONVERSION = YES;
				CLANG_WARN_NON_LITERAL_NULL_CONVERSION = YES;
				CLANG_WARN_OBJC_IMPLICIT_RETAIN_SELF = YES;
				CLANG_WARN_OBJC_LITERAL_CONVERSION = YES;
				CLANG_WARN_OBJC_ROOT_CLASS = YES_ERROR;
				CLANG_WARN_RANGE_LOOP_ANALYSIS = YES;
				CLANG_WARN_STRICT_PROTOTYPES = YES;
				CLANG_WARN_SUSPICIOUS_MOVE = YES;
				CLANG_WARN_UNGUARDED_AVAILABILITY = YES_AGGRESSIVE;
				CLANG_WARN_UNREACHABLE_CODE = YES;
				CLANG_WARN__DUPLICATE_METHOD_MATCH = YES;
				CODE_SIGN_IDENTITY = "iPhone Developer";
				COPY_PHASE_STRIP = NO;
				DEBUG_INFORMATION_FORMAT = dwarf;
				ENABLE_STRICT_OBJC_MSGSEND = YES;
				ENABLE_TESTABILITY = YES;
				GCC_C_LANGUAGE_STANDARD = gnu11;
				GCC_DYNAMIC_NO_PIC = NO;
				GCC_NO_COMMON_BLOCKS = YES;
				GCC_OPTIMIZATION_LEVEL = 0;
				GCC_PREPROCESSOR_DEFINITIONS = (
					"DEBUG=1",
					"$(inherited)",
				);
				GCC_WARN_64_TO_32_BIT_CONVERSION = YES;
				GCC_WARN_ABOUT_RETURN_TYPE = YES_ERROR;
				GCC_WARN_UNDECLARED_SELECTOR = YES;
				GCC_WARN_UNINITIALIZED_AUTOS = YES_AGGRESSIVE;
				GCC_WARN_UNUSED_FUNCTION = YES;
				GCC_WARN_UNUSED_VARIABLE = YES;
				IPHONEOS_DEPLOYMENT_TARGET = 12.1;
				MTL_ENABLE_DEBUG_INFO = INCLUDE_SOURCE;
				MTL_FAST_MATH = YES;
				ONLY_ACTIVE_ARCH = YES;
				SDKROOT = iphoneos;
			};
			name = Debug;
		};
		B255416621F2719F00368808 /* Release */ = {
			isa = XCBuildConfiguration;
			buildSettings = {
				ALWAYS_SEARCH_USER_PATHS = NO;
				CLANG_ANALYZER_NONNULL = YES;
				CLANG_ANALYZER_NUMBER_OBJECT_CONVERSION = YES_AGGRESSIVE;
				CLANG_CXX_LANGUAGE_STANDARD = "gnu++14";
				CLANG_CXX_LIBRARY = "libc++";
				CLANG_ENABLE_MODULES = YES;
				CLANG_ENABLE_OBJC_ARC = YES;
				CLANG_ENABLE_OBJC_WEAK = YES;
				CLANG_WARN_BLOCK_CAPTURE_AUTORELEASING = YES;
				CLANG_WARN_BOOL_CONVERSION = YES;
				CLANG_WARN_COMMA = YES;
				CLANG_WARN_CONSTANT_CONVERSION = YES;
				CLANG_WARN_DEPRECATED_OBJC_IMPLEMENTATIONS = YES;
				CLANG_WARN_DIRECT_OBJC_ISA_USAGE = YES_ERROR;
				CLANG_WARN_DOCUMENTATION_COMMENTS = YES;
				CLANG_WARN_EMPTY_BODY = YES;
				CLANG_WARN_ENUM_CONVERSION = YES;
				CLANG_WARN_INFINITE_RECURSION = YES;
				CLANG_WARN_INT_CONVERSION = YES;
				CLANG_WARN_NON_LITERAL_NULL_CONVERSION = YES;
				CLANG_WARN_OBJC_IMPLICIT_RETAIN_SELF = YES;
				CLANG_WARN_OBJC_LITERAL_CONVERSION = YES;
				CLANG_WARN_OBJC_ROOT_CLASS = YES_ERROR;
				CLANG_WARN_RANGE_LOOP_ANALYSIS = YES;
				CLANG_WARN_STRICT_PROTOTYPES = YES;
				CLANG_WARN_SUSPICIOUS_MOVE = YES;
				CLANG_WARN_UNGUARDED_AVAILABILITY = YES_AGGRESSIVE;
				CLANG_WARN_UNREACHABLE_CODE = YES;
				CLANG_WARN__DUPLICATE_METHOD_MATCH = YES;
				CODE_SIGN_IDENTITY = "iPhone Developer";
				COPY_PHASE_STRIP = NO;
				DEBUG_INFORMATION_FORMAT = "dwarf-with-dsym";
				ENABLE_NS_ASSERTIONS = NO;
				ENABLE_STRICT_OBJC_MSGSEND = YES;
				GCC_C_LANGUAGE_STANDARD = gnu11;
				GCC_NO_COMMON_BLOCKS = YES;
				GCC_WARN_64_TO_32_BIT_CONVERSION = YES;
				GCC_WARN_ABOUT_RETURN_TYPE = YES_ERROR;
				GCC_WARN_UNDECLARED_SELECTOR = YES;
				GCC_WARN_UNINITIALIZED_AUTOS = YES_AGGRESSIVE;
				GCC_WARN_UNUSED_FUNCTION = YES;
				GCC_WARN_UNUSED_VARIABLE = YES;
				IPHONEOS_DEPLOYMENT_TARGET = 12.1;
				MTL_ENABLE_DEBUG_INFO = NO;
				MTL_FAST_MATH = YES;
				SDKROOT = iphoneos;
				VALIDATE_PRODUCT = YES;
			};
			name = Release;
		};
		B255416821F2719F00368808 /* Debug */ = {
			isa = XCBuildConfiguration;
			buildSettings = {
				ASSETCATALOG_COMPILER_APPICON_NAME = AppIcon;
				CODE_SIGN_STYLE = Automatic;
				INFOPLIST_FILE = TipCalculator/Info.plist;
				LD_RUNPATH_SEARCH_PATHS = (
					"$(inherited)",
					"@executable_path/Frameworks",
				);
				PRODUCT_BUNDLE_IDENTIFIER = jchang.TipCalculator;
				PRODUCT_NAME = "$(TARGET_NAME)";
				TARGETED_DEVICE_FAMILY = "1,2";
			};
			name = Debug;
		};
		B255416921F2719F00368808 /* Release */ = {
			isa = XCBuildConfiguration;
			buildSettings = {
				ASSETCATALOG_COMPILER_APPICON_NAME = AppIcon;
				CODE_SIGN_STYLE = Automatic;
				INFOPLIST_FILE = TipCalculator/Info.plist;
				LD_RUNPATH_SEARCH_PATHS = (
					"$(inherited)",
					"@executable_path/Frameworks",
				);
				PRODUCT_BUNDLE_IDENTIFIER = jchang.TipCalculator;
				PRODUCT_NAME = "$(TARGET_NAME)";
				TARGETED_DEVICE_FAMILY = "1,2";
			};
			name = Release;
		};
		B255416B21F2719F00368808 /* Debug */ = {
			isa = XCBuildConfiguration;
			buildSettings = {
				BUNDLE_LOADER = "$(TEST_HOST)";
				CODE_SIGN_STYLE = Automatic;
				INFOPLIST_FILE = TipCalculatorTests/Info.plist;
				LD_RUNPATH_SEARCH_PATHS = (
					"$(inherited)",
					"@executable_path/Frameworks",
					"@loader_path/Frameworks",
				);
				PRODUCT_BUNDLE_IDENTIFIER = jchang.TipCalculatorTests;
				PRODUCT_NAME = "$(TARGET_NAME)";
				TARGETED_DEVICE_FAMILY = "1,2";
				TEST_HOST = "$(BUILT_PRODUCTS_DIR)/TipCalculator.app/TipCalculator";
			};
			name = Debug;
		};
		B255416C21F2719F00368808 /* Release */ = {
			isa = XCBuildConfiguration;
			buildSettings = {
				BUNDLE_LOADER = "$(TEST_HOST)";
				CODE_SIGN_STYLE = Automatic;
				INFOPLIST_FILE = TipCalculatorTests/Info.plist;
				LD_RUNPATH_SEARCH_PATHS = (
					"$(inherited)",
					"@executable_path/Frameworks",
					"@loader_path/Frameworks",
				);
				PRODUCT_BUNDLE_IDENTIFIER = jchang.TipCalculatorTests;
				PRODUCT_NAME = "$(TARGET_NAME)";
				TARGETED_DEVICE_FAMILY = "1,2";
				TEST_HOST = "$(BUILT_PRODUCTS_DIR)/TipCalculator.app/TipCalculator";
			};
			name = Release;
		};
		B255416E21F2719F00368808 /* Debug */ = {
			isa = XCBuildConfiguration;
			buildSettings = {
				CODE_SIGN_STYLE = Automatic;
				INFOPLIST_FILE = TipCalculatorUITests/Info.plist;
				LD_RUNPATH_SEARCH_PATHS = (
					"$(inherited)",
					"@executable_path/Frameworks",
					"@loader_path/Frameworks",
				);
				PRODUCT_BUNDLE_IDENTIFIER = jchang.TipCalculatorUITests;
				PRODUCT_NAME = "$(TARGET_NAME)";
				TARGETED_DEVICE_FAMILY = "1,2";
				TEST_TARGET_NAME = TipCalculator;
			};
			name = Debug;
		};
		B255416F21F2719F00368808 /* Release */ = {
			isa = XCBuildConfiguration;
			buildSettings = {
				CODE_SIGN_STYLE = Automatic;
				INFOPLIST_FILE = TipCalculatorUITests/Info.plist;
				LD_RUNPATH_SEARCH_PATHS = (
					"$(inherited)",
					"@executable_path/Frameworks",
					"@loader_path/Frameworks",
				);
				PRODUCT_BUNDLE_IDENTIFIER = jchang.TipCalculatorUITests;
				PRODUCT_NAME = "$(TARGET_NAME)";
				TARGETED_DEVICE_FAMILY = "1,2";
				TEST_TARGET_NAME = TipCalculator;
			};
			name = Release;
		};
/* End XCBuildConfiguration section */

/* Begin XCConfigurationList section */
		B255413621F2719E00368808 /* Build configuration list for PBXProject "TipCalculator" */ = {
			isa = XCConfigurationList;
			buildConfigurations = (
				B255416521F2719F00368808 /* Debug */,
				B255416621F2719F00368808 /* Release */,
			);
			defaultConfigurationIsVisible = 0;
			defaultConfigurationName = Release;
		};
		B255416721F2719F00368808 /* Build configuration list for PBXNativeTarget "TipCalculator" */ = {
			isa = XCConfigurationList;
			buildConfigurations = (
				B255416821F2719F00368808 /* Debug */,
				B255416921F2719F00368808 /* Release */,
			);
			defaultConfigurationIsVisible = 0;
			defaultConfigurationName = Release;
		};
		B255416A21F2719F00368808 /* Build configuration list for PBXNativeTarget "TipCalculatorTests" */ = {
			isa = XCConfigurationList;
			buildConfigurations = (
				B255416B21F2719F00368808 /* Debug */,
				B255416C21F2719F00368808 /* Release */,
			);
			defaultConfigurationIsVisible = 0;
			defaultConfigurationName = Release;
		};
		B255416D21F2719F00368808 /* Build configuration list for PBXNativeTarget "TipCalculatorUITests" */ = {
			isa = XCConfigurationList;
			buildConfigurations = (
				B255416E21F2719F00368808 /* Debug */,
				B255416F21F2719F00368808 /* Release */,
			);
			defaultConfigurationIsVisible = 0;
			defaultConfigurationName = Release;
		};
/* End XCConfigurationList section */
	};
	rootObject = B255413321F2719E00368808 /* Project object */;
}
